[[package]]
name = "attrs"
version = "21.2.0"
description = "Classes Without Boilerplate"
category = "main"
optional = false
python-versions = ">=2.7, !=3.0.*, !=3.1.*, !=3.2.*, !=3.3.*, !=3.4.*"

[package.extras]
dev = ["coverage[toml] (>=5.0.2)", "hypothesis", "pympler", "pytest (>=4.3.0)", "six", "mypy", "pytest-mypy-plugins", "zope.interface", "furo", "sphinx", "sphinx-notfound-page", "pre-commit"]
docs = ["furo", "sphinx", "zope.interface", "sphinx-notfound-page"]
tests = ["coverage[toml] (>=5.0.2)", "hypothesis", "pympler", "pytest (>=4.3.0)", "six", "mypy", "pytest-mypy-plugins", "zope.interface"]
tests_no_zope = ["coverage[toml] (>=5.0.2)", "hypothesis", "pympler", "pytest (>=4.3.0)", "six", "mypy", "pytest-mypy-plugins"]

[[package]]
name = "certifi"
version = "2021.10.8"
description = "Python package for providing Mozilla's CA Bundle."
category = "main"
optional = false
python-versions = "*"

[[package]]
name = "charset-normalizer"
version = "2.0.7"
description = "The Real First Universal Charset Detector. Open, modern and actively maintained alternative to Chardet."
category = "main"
optional = false
python-versions = ">=3.5.0"

[package.extras]
unicode_backport = ["unicodedata2"]

[[package]]
name = "curlify"
version = "2.2.1"
description = "Library to convert python requests object to curl command."
category = "main"
optional = false
python-versions = "*"

[package.dependencies]
requests = "*"

[[package]]
name = "grpcio"
version = "1.42.0"
description = "HTTP/2-based RPC framework"
category = "main"
optional = false
python-versions = ">=3.6"

[package.dependencies]
six = ">=1.5.2"

[package.extras]
protobuf = ["grpcio-tools (>=1.42.0)"]

[[package]]
name = "idna"
version = "3.3"
description = "Internationalized Domain Names in Applications (IDNA)"
category = "main"
optional = false
python-versions = ">=3.5"

[[package]]
name = "levo-commons"
version = "0.1.18"
description = "Common code between Levo CLI and test plans."
category = "main"
optional = false
python-versions = ">=3.7"

[package.dependencies]
attrs = ">=20.3"
curlify = ">=2.2.1"
grpcio = ">=1.37.0,<2.0.0"
requests = ">=2.25.1"

[package.extras]
test = ["pytest (>=6.0)"]

[[package]]
name = "pyflakes"
version = "2.4.0"
description = "passive checker of Python programs"
category = "dev"
optional = false
python-versions = ">=2.7, !=3.0.*, !=3.1.*, !=3.2.*, !=3.3.*"

[[package]]
name = "removestar"
version = "1.3.1"
description = "A tool to automatically replace 'import *' imports with explicit imports in files"
category = "dev"
optional = false
python-versions = ">=3.6"

[package.dependencies]
pyflakes = "*"

[[package]]
name = "requests"
version = "2.26.0"
description = "Python HTTP for Humans."
category = "main"
optional = false
python-versions = ">=2.7, !=3.0.*, !=3.1.*, !=3.2.*, !=3.3.*, !=3.4.*, !=3.5.*"

[package.dependencies]
certifi = ">=2017.4.17"
charset-normalizer = {version = ">=2.0.0,<2.1.0", markers = "python_version >= \"3\""}
idna = {version = ">=2.5,<4", markers = "python_version >= \"3\""}
urllib3 = ">=1.21.1,<1.27"

[package.extras]
socks = ["PySocks (>=1.5.6,!=1.5.7)", "win-inet-pton"]
use_chardet_on_py3 = ["chardet (>=3.0.2,<5)"]

[[package]]
name = "six"
version = "1.16.0"
description = "Python 2 and 3 compatibility utilities"
category = "main"
optional = false
python-versions = ">=2.7, !=3.0.*, !=3.1.*, !=3.2.*"

[[package]]
name = "typing-extensions"
version = "3.10.0.2"
description = "Backported and Experimental Type Hints for Python 3.5+"
category = "main"
optional = false
python-versions = "*"

[[package]]
name = "urllib3"
version = "1.26.7"
description = "HTTP library with thread-safe connection pooling, file post, and more."
category = "main"
optional = false
python-versions = ">=2.7, !=3.0.*, !=3.1.*, !=3.2.*, !=3.3.*, !=3.4.*, <4"

[package.extras]
brotli = ["brotlipy (>=0.6.0)"]
secure = ["pyOpenSSL (>=0.14)", "cryptography (>=1.3.4)", "idna (>=2.0.0)", "certifi", "ipaddress"]
socks = ["PySocks (>=1.5.6,!=1.5.7,<2.0)"]

[metadata]
lock-version = "1.1"
python-versions = "^3.7"
content-hash = "427910e279c48c0ccc28671ffbbf28201bd1236d38bc63e873420d09a89c6015"

[metadata.files]
attrs = [
    {file = "attrs-21.2.0-py2.py3-none-any.whl", hash = "sha256:149e90d6d8ac20db7a955ad60cf0e6881a3f20d37096140088356da6c716b0b1"},
    {file = "attrs-21.2.0.tar.gz", hash = "sha256:ef6aaac3ca6cd92904cdd0d83f629a15f18053ec84e6432106f7a4d04ae4f5fb"},
]
certifi = [
    {file = "certifi-2021.10.8-py2.py3-none-any.whl", hash = "sha256:d62a0163eb4c2344ac042ab2bdf75399a71a2d8c7d47eac2e2ee91b9d6339569"},
    {file = "certifi-2021.10.8.tar.gz", hash = "sha256:78884e7c1d4b00ce3cea67b44566851c4343c120abd683433ce934a68ea58872"},
]
charset-normalizer = [
    {file = "charset-normalizer-2.0.7.tar.gz", hash = "sha256:e019de665e2bcf9c2b64e2e5aa025fa991da8720daa3c1138cadd2fd1856aed0"},
    {file = "charset_normalizer-2.0.7-py3-none-any.whl", hash = "sha256:f7af805c321bfa1ce6714c51f254e0d5bb5e5834039bc17db7ebe3a4cec9492b"},
]
curlify = [
    {file = "curlify-2.2.1.tar.gz", hash = "sha256:0d3f02e7235faf952de8ef45ef469845196d30632d5838bcd5aee217726ddd6d"},
]
grpcio = [
    {file = "grpcio-1.42.0-cp310-cp310-linux_armv7l.whl", hash = "sha256:6e5eec67909795f7b1ff2bd941bd6c2661ca5217ea9c35003d73314100786f60"},
    {file = "grpcio-1.42.0-cp310-cp310-macosx_10_10_universal2.whl", hash = "sha256:8e8cd9909fdd232ecffb954936fd90c935ebe0b5fce36c88813f8247ce54019c"},
    {file = "grpcio-1.42.0-cp310-cp310-manylinux_2_17_aarch64.whl", hash = "sha256:b4d7115ee08a36f3f50a6233bd78280e40847e078d2a5bb39c0ab0db4490d58f"},
    {file = "grpcio-1.42.0-cp310-cp310-manylinux_2_17_i686.manylinux2014_i686.whl", hash = "sha256:b781f412546830be55644f7c48251d30860f4725981862d4a1ea322f80d9cd34"},
    {file = "grpcio-1.42.0-cp310-cp310-manylinux_2_17_x86_64.manylinux2014_x86_64.whl", hash = "sha256:e62140c46d8125927c673c72c960cb387c02b2a1a3c6985a8b0a3914d27c0018"},
    {file = "grpcio-1.42.0-cp310-cp310-win32.whl", hash = "sha256:6b69726d7bbb633133c1b0d780b1357aa9b7a7f714fead6470bab1feb8012806"},
    {file = "grpcio-1.42.0-cp310-cp310-win_amd64.whl", hash = "sha256:d6c0b159b38fcc3bbc3331105197c1f58ac0d294eb83910d136a325a85def88f"},
    {file = "grpcio-1.42.0-cp36-cp36m-linux_armv7l.whl", hash = "sha256:53e10d07e541073eb9a84d49ecffb831c3cbb970bcd8cd8de8431e935bf66c2e"},
    {file = "grpcio-1.42.0-cp36-cp36m-macosx_10_10_x86_64.whl", hash = "sha256:7a3c9b8e13365529f9426d4754085e8a9c2ad718a41a46a97e4e30e87bb45eae"},
    {file = "grpcio-1.42.0-cp36-cp36m-manylinux2010_i686.whl", hash = "sha256:66f910b6324ae69625e63db2eb29d833c307cfa36736fe13d2f841656c5f658f"},
    {file = "grpcio-1.42.0-cp36-cp36m-manylinux2010_x86_64.whl", hash = "sha256:59163b8d2e0d85f0ecbee52b348f867eec7e0f909177564fb3956363f7e616e5"},
    {file = "grpcio-1.42.0-cp36-cp36m-manylinux_2_17_aarch64.whl", hash = "sha256:d92c1721c7981812d0f42dfc8248b15d3b6a2ea79eb8870776364423de2aa245"},
    {file = "grpcio-1.42.0-cp36-cp36m-manylinux_2_17_i686.manylinux2014_i686.whl", hash = "sha256:65720d2bf05e2b78c4bffe372f13c41845bae5658fd3f5dd300c374dd240e5cb"},
    {file = "grpcio-1.42.0-cp36-cp36m-manylinux_2_17_x86_64.manylinux2014_x86_64.whl", hash = "sha256:f385e40846ff81d1c6dce98dcc192c7988a46540758804c4a2e6da5a0e3e3e05"},
    {file = "grpcio-1.42.0-cp36-cp36m-win32.whl", hash = "sha256:ea3560ffbfe08327024380508190103937fef25e355d2259f8b5c003a0732f55"},
    {file = "grpcio-1.42.0-cp36-cp36m-win_amd64.whl", hash = "sha256:29fc36c99161ff307c8ca438346b2e36f81dac5ecdbabc983d0b255d7913fb19"},
    {file = "grpcio-1.42.0-cp37-cp37m-linux_armv7l.whl", hash = "sha256:76b5fa4c6d88f804456e763461cf7a1db38b200669f1ba00c579014ab5aa7965"},
    {file = "grpcio-1.42.0-cp37-cp37m-macosx_10_10_x86_64.whl", hash = "sha256:d1451a8c0c01c5b5fdfeb8f777820cb277fb5d797d972f57a41bb82483c44a79"},
    {file = "grpcio-1.42.0-cp37-cp37m-manylinux2010_i686.whl", hash = "sha256:6655df5f31664bac4cd6c9b52f389fd92cd10025504ad83685038f47e11e29d8"},
    {file = "grpcio-1.42.0-cp37-cp37m-manylinux2010_x86_64.whl", hash = "sha256:5b9f0c4822e3a52a1663a315752c6bbdbed0ec15a660d3e64137335acbb5b7ce"},
    {file = "grpcio-1.42.0-cp37-cp37m-manylinux_2_17_aarch64.whl", hash = "sha256:7742606ac2bc03ed10360f4f630e0cc01dce864fe63557254e9adea21bb51416"},
    {file = "grpcio-1.42.0-cp37-cp37m-manylinux_2_17_i686.manylinux2014_i686.whl", hash = "sha256:603d71de14ab1f1fd1254b69ceda73545943461b1f51f82fda9477503330b6ea"},
    {file = "grpcio-1.42.0-cp37-cp37m-manylinux_2_17_x86_64.manylinux2014_x86_64.whl", hash = "sha256:d08ce780bbd8d1a442d855bd681ed0f7483c65d2c8ed83701a9ea4f13678411f"},
    {file = "grpcio-1.42.0-cp37-cp37m-win32.whl", hash = "sha256:2aba7f93671ec971c5c70db81633b49a2f974aa09a2d811aede344a32bad1896"},
    {file = "grpcio-1.42.0-cp37-cp37m-win_amd64.whl", hash = "sha256:2956da789d74fc35d2c869b3aa45dbf41c5d862c056ca8b5e35a688347ede809"},
    {file = "grpcio-1.42.0-cp38-cp38-linux_armv7l.whl", hash = "sha256:21aa4a111b3381d3dd982a3df62348713b29f651aa9f6dfbc9415adbfe28d2ba"},
    {file = "grpcio-1.42.0-cp38-cp38-macosx_10_10_x86_64.whl", hash = "sha256:a6f9ed5320b93c029615b75f6c8caf2c76aa6545d8845f3813908892cfc5f84e"},
    {file = "grpcio-1.42.0-cp38-cp38-manylinux2010_i686.whl", hash = "sha256:3a13953e12dc40ee247b5fe6ef22b5fac8f040a76b814a11bf9f423e82402f28"},
    {file = "grpcio-1.42.0-cp38-cp38-manylinux2010_x86_64.whl", hash = "sha256:f721b42a20d886c03d9b1f461b228cdaf02ccf6c4550e263f7fd3ce3ff19a8f1"},
    {file = "grpcio-1.42.0-cp38-cp38-manylinux_2_17_aarch64.whl", hash = "sha256:e2d9c6690d4c88cd51ee395d7ba5bd1d26d7c37e94cb59e7fd62ff21ecaf891d"},
    {file = "grpcio-1.42.0-cp38-cp38-manylinux_2_17_i686.manylinux2014_i686.whl", hash = "sha256:d7f66eb220898787d7821a7931e35ae2512ed74f79f75adcd7ea2fb3119ca87d"},
    {file = "grpcio-1.42.0-cp38-cp38-manylinux_2_17_x86_64.manylinux2014_x86_64.whl", hash = "sha256:f2e3f250e5398bf474c6e140df1b67494bf1e31c5277b5bf93841a564cbc22d0"},
    {file = "grpcio-1.42.0-cp38-cp38-win32.whl", hash = "sha256:06d5364e85e0fa50ee68bffd9c93a6aff869a91c68f1fd7ba1b944e063a0ff9f"},
    {file = "grpcio-1.42.0-cp38-cp38-win_amd64.whl", hash = "sha256:d58b3774ee2084c31aad140586a42e18328d9823959ca006a0b85ad7937fe405"},
    {file = "grpcio-1.42.0-cp39-cp39-linux_armv7l.whl", hash = "sha256:b74bbac7e039cf23ed0c8edd820c31e90a52a22e28a03d45274a0956addde8d2"},
    {file = "grpcio-1.42.0-cp39-cp39-macosx_10_10_x86_64.whl", hash = "sha256:2b264cf303a22c46f8d455f42425c546ad6ce22f183debb8d64226ddf1e039f4"},
    {file = "grpcio-1.42.0-cp39-cp39-manylinux2010_i686.whl", hash = "sha256:64f2b3e6474e2ad865478b64f0850d15842acbb2623de5f78a60ceabe00c63e0"},
    {file = "grpcio-1.42.0-cp39-cp39-manylinux2010_x86_64.whl", hash = "sha256:bf916ee93ea2fd52b5286ed4e19cbbde5e82754914379ea91dc5748550df3b4e"},
    {file = "grpcio-1.42.0-cp39-cp39-manylinux_2_17_aarch64.whl", hash = "sha256:6ef72f0abdb89fb7c366a99e04823ecae5cda9f762f2234f42fc280447277cd6"},
    {file = "grpcio-1.42.0-cp39-cp39-manylinux_2_17_i686.manylinux2014_i686.whl", hash = "sha256:47ab65be9ba7a0beee94bbe2fb1dd03cb7832db9df4d1f8fae215a16b3edeb5e"},
    {file = "grpcio-1.42.0-cp39-cp39-manylinux_2_17_x86_64.manylinux2014_x86_64.whl", hash = "sha256:0209f30741de1875413f40e89bec9c647e7afad4a3549a6a1682c1ee23da68ca"},
    {file = "grpcio-1.42.0-cp39-cp39-win32.whl", hash = "sha256:5441d343602ce10ba48fcb36bb5de197a15a01dc9ee0f71c2a73cd5cd3d7f5ac"},
    {file = "grpcio-1.42.0-cp39-cp39-win_amd64.whl", hash = "sha256:17433f7eb01737240581b33fbc2eae7b7fa6d3429571782580bceaf05ec56cb8"},
    {file = "grpcio-1.42.0.tar.gz", hash = "sha256:4a8f2c7490fe3696e0cdd566e2f099fb91b51bc75446125175c55581c2f7bc11"},
]
idna = [
    {file = "idna-3.3-py3-none-any.whl", hash = "sha256:84d9dd047ffa80596e0f246e2eab0b391788b0503584e8945f2368256d2735ff"},
    {file = "idna-3.3.tar.gz", hash = "sha256:9d643ff0a55b762d5cdb124b8eaa99c66322e2157b69160bc32796e824360e6d"},
]
levo-commons = [
    {file = "levo_commons-0.1.18-py3-none-any.whl", hash = "sha256:a9fc885e8a7dfc7488615a70045cf931a4c4fd13c26204b5d687b88685efd3c0"},
    {file = "levo_commons-0.1.18.tar.gz", hash = "sha256:d00363d9f749441cdd80b8621334b6a5f94f772dfa1e6b59f00831a96e030832"},
]
pyflakes = [
    {file = "pyflakes-2.4.0-py2.py3-none-any.whl", hash = "sha256:3bb3a3f256f4b7968c9c788781e4ff07dce46bdf12339dcda61053375426ee2e"},
    {file = "pyflakes-2.4.0.tar.gz", hash = "sha256:05a85c2872edf37a4ed30b0cce2f6093e1d0581f8c19d7393122da7e25b2b24c"},
]
removestar = [
    {file = "removestar-1.3.1-py3-none-any.whl", hash = "sha256:2c482ac9a253e876bf6b7a6c38cf3913ffa5e863ce1747e2de3d5752bf5d3f4b"},
    {file = "removestar-1.3.1.tar.gz", hash = "sha256:34ce54d691aa2dbef55e44d71e14ef3a8066a7b69b455e9d46f3106659b27c4a"},
]
requests = [
    {file = "requests-2.26.0-py2.py3-none-any.whl", hash = "sha256:6c1246513ecd5ecd4528a0906f910e8f0f9c6b8ec72030dc9fd154dc1a6efd24"},
    {file = "requests-2.26.0.tar.gz", hash = "sha256:b8aa58f8cf793ffd8782d3d8cb19e66ef36f7aba4353eec859e74678b01b07a7"},
]
six = [
    {file = "six-1.16.0-py2.py3-none-any.whl", hash = "sha256:8abb2f1d86890a2dfb989f9a77cfcfd3e47c2a354b01111771326f8aa26e0254"},
    {file = "six-1.16.0.tar.gz", hash = "sha256:1e61c37477a1626458e36f7b1d82aa5c9b094fa4802892072e49de9c60c4c926"},
]
typing-extensions = [
    {file = "typing_extensions-3.10.0.2-py2-none-any.whl", hash = "sha256:d8226d10bc02a29bcc81df19a26e56a9647f8b0a6d4a83924139f4a8b01f17b7"},
    {file = "typing_extensions-3.10.0.2-py3-none-any.whl", hash = "sha256:f1d25edafde516b146ecd0613dabcc61409817af4766fbbcfb8d1ad4ec441a34"},
    {file = "typing_extensions-3.10.0.2.tar.gz", hash = "sha256:49f75d16ff11f1cd258e1b988ccff82a3ca5570217d7ad8c5f48205dd99a677e"},
]
urllib3 = [
    {file = "urllib3-1.26.7-py2.py3-none-any.whl", hash = "sha256:c4fdf4019605b6e5423637e01bc9fe4daef873709a7973e195ceba0a62bbc844"},
    {file = "urllib3-1.26.7.tar.gz", hash = "sha256:4987c65554f7a2dbf30c18fd48778ef124af6fab771a377103da0585e2336ece"},
]
